
Microsoft Visual Studio Solution File, Format Version 12.00
# Visual Studio 15
VisualStudioVersion = 15.0.27428.2037
MinimumVisualStudioVersion = 10.0.40219.1
Project("{FAE04EC0-301F-11D3-BF4B-00C04F79EFBC}") = "DemoProject", "DemoProject\DemoProject.csproj", "{7EEAB6CB-CA55-48F3-98D2-2919F6AD1B5B}"
EndProject
Global
	GlobalSection(SolutionConfigurationPlatforms) = preSolution
		Debug|Any CPU = Debug|Any CPU
		Release|Any CPU = Release|Any CPU
	EndGlobalSection
	GlobalSection(ProjectConfigurationPlatforms) = postSolution
		{7EEAB6CB-CA55-48F3-98D2-2919F6AD1B5B}.Debug|Any CPU.ActiveCfg = Debug|Any CPU
		{7EEAB6CB-CA55-48F3-98D2-2919F6AD1B5B}.Debug|Any CPU.Build.0 = Debug|Any CPU
		{7EEAB6CB-CA55-48F3-98D2-2919F6AD1B5B}.Release|Any CPU.ActiveCfg = Release|Any CPU
		{7EEAB6CB-CA55-48F3-98D2-2919F6AD1B5B}.Release|Any CPU.Build.0 = Release|Any CPU
	EndGlobalSection
	GlobalSection(SolutionProperties) = preSolution
		HideSolutionNode = FALSE
	EndGlobalSection
	GlobalSection(ExtensibilityGlobals) = postSolution
		SolutionGuid = {BB163D1D-EA97-4372-BB80-EFF35FF64507}
	EndGlobalSection
EndGlobal
